// !$*UTF8*$!
{
	archiveVersion = 1;
	classes = {
	};
	objectVersion = 50;
	objects = {

/* Begin PBXBuildFile section */
		3F8F1F5C220031A4001198B2 /* mp3recorder.m in Sources */ = {isa = PBXBuildFile; fileRef = 3F8F1F5B220031A4001198B2 /* mp3recorder.m */; };
		3F8F1F5D220031A4001198B2 /* mp3recorder.h in CopyFiles */ = {isa = PBXBuildFile; fileRef = 3F8F1F5A220031A4001198B2 /* mp3recorder.h */; };
		3F8F1F8A22004F37001198B2 /* ConvertAudioFile.m in Sources */ = {isa = PBXBuildFile; fileRef = 3F8F1F8722004F26001198B2 /* ConvertAudioFile.m */; };
/* End PBXBuildFile section */

/* Begin PBXCopyFilesBuildPhase section */
		3F8F1F55220031A4001198B2 /* CopyFiles */ = {
			isa = PBXCopyFilesBuildPhase;
			buildActionMask = 2147483647;
			dstPath = "include/$(PRODUCT_NAME)";
			dstSubfolderSpec = 16;
			files = (
				3F8F1F5D220031A4001198B2 /* mp3recorder.h in CopyFiles */,
			);
			runOnlyForDeploymentPostprocessing = 0;
		};
/* End PBXCopyFilesBuildPhase section */

/* Begin PBXFileReference section */
		3F8F1F57220031A4001198B2 /* libmp3recorder.a */ = {isa = PBXFileReference; explicitFileType = archive.ar; includeInIndex = 0; path = libmp3recorder.a; sourceTree = BUILT_PRODUCTS_DIR; };
		3F8F1F5A220031A4001198B2 /* mp3recorder.h */ = {isa = PBXFileReference; lastKnownFileType = sourcecode.c.h; path = mp3recorder.h; sourceTree = "<group>"; };
		3F8F1F5B220031A4001198B2 /* mp3recorder.m */ = {isa = PBXFileReference; lastKnownFileType = sourcecode.c.objc; path = mp3recorder.m; sourceTree = "<group>"; };
		3F8F1F7B2200343C001198B2 /* lame.h */ = {isa = PBXFileReference; lastKnownFileType = sourcecode.c.h; path = lame.h; sourceTree = "<group>"; };
		3F8F1F7F22003DC2001198B2 /* NSDictionaryUtils.h */ = {isa = PBXFileReference; lastKnownFileType = sourcecode.c.h; path = NSDictionaryUtils.h; sourceTree = "<group>"; };
		3F8F1F8022003DC2001198B2 /* UIViewControllerExtension.h */ = {isa = PBXFileReference; lastKnownFileType = sourcecode.c.h; path = UIViewControllerExtension.h; sourceTree = "<group>"; };
		3F8F1F8122003DC2001198B2 /* UZAppDelegate.h */ = {isa = PBXFileReference; lastKnownFileType = sourcecode.c.h; path = UZAppDelegate.h; sourceTree = "<group>"; };
		3F8F1F8222003DC2001198B2 /* UZAppUtils.h */ = {isa = PBXFileReference; lastKnownFileType = sourcecode.c.h; path = UZAppUtils.h; sourceTree = "<group>"; };
		3F8F1F8322003DC2001198B2 /* UZModule.h */ = {isa = PBXFileReference; lastKnownFileType = sourcecode.c.h; path = UZModule.h; sourceTree = "<group>"; };
		3F8F1F8422003DC2001198B2 /* UZURLTask.h */ = {isa = PBXFileReference; lastKnownFileType = sourcecode.c.h; path = UZURLTask.h; sourceTree = "<group>"; };
		3F8F1F8622004F26001198B2 /* ConvertAudioFile.h */ = {isa = PBXFileReference; lastKnownFileType = sourcecode.c.h; path = ConvertAudioFile.h; sourceTree = "<group>"; };
		3F8F1F8722004F26001198B2 /* ConvertAudioFile.m */ = {isa = PBXFileReference; lastKnownFileType = sourcecode.c.objc; path = ConvertAudioFile.m; sourceTree = "<group>"; };
/* End PBXFileReference section */

/* Begin PBXFrameworksBuildPhase section */
		3F8F1F54220031A4001198B2 /* Frameworks */ = {
			isa = PBXFrameworksBuildPhase;
			buildActionMask = 2147483647;
			files = (
			);
			runOnlyForDeploymentPostprocessing = 0;
		};
/* End PBXFrameworksBuildPhase section */

/* Begin PBXGroup section */
		3F8F1F4E220031A4001198B2 = {
			isa = PBXGroup;
			children = (
				3F8F1F59220031A4001198B2 /* mp3recorder */,
				3F8F1F58220031A4001198B2 /* Products */,
			);
			sourceTree = "<group>";
		};
		3F8F1F58220031A4001198B2 /* Products */ = {
			isa = PBXGroup;
			children = (
				3F8F1F57220031A4001198B2 /* libmp3recorder.a */,
			);
			name = Products;
			sourceTree = "<group>";
		};
		3F8F1F59220031A4001198B2 /* mp3recorder */ = {
			isa = PBXGroup;
			children = (
				3F8F1F8522004F25001198B2 /* ConvertAudio */,
				3F8F1F7B2200343C001198B2 /* lame.h */,
				3F8F1F7E22003DC2001198B2 /* UZEngine */,
				3F8F1F5A220031A4001198B2 /* mp3recorder.h */,
				3F8F1F5B220031A4001198B2 /* mp3recorder.m */,
			);
			path = mp3recorder;
			sourceTree = "<group>";
		};
		3F8F1F7E22003DC2001198B2 /* UZEngine */ = {
			isa = PBXGroup;
			children = (
				3F8F1F7F22003DC2001198B2 /* NSDictionaryUtils.h */,
				3F8F1F8022003DC2001198B2 /* UIViewControllerExtension.h */,
				3F8F1F8122003DC2001198B2 /* UZAppDelegate.h */,
				3F8F1F8222003DC2001198B2 /* UZAppUtils.h */,
				3F8F1F8322003DC2001198B2 /* UZModule.h */,
				3F8F1F8422003DC2001198B2 /* UZURLTask.h */,
			);
			name = UZEngine;
			path = ../../MyMQTTClient_bak/MyMQTTClient/UZEngine;
			sourceTree = "<group>";
		};
		3F8F1F8522004F25001198B2 /* ConvertAudio */ = {
			isa = PBXGroup;
			children = (
				3F8F1F8622004F26001198B2 /* ConvertAudioFile.h */,
				3F8F1F8722004F26001198B2 /* ConvertAudioFile.m */,
			);
			path = ConvertAudio;
			sourceTree = "<group>";
		};
/* End PBXGroup section */

/* Begin PBXNativeTarget section */
		3F8F1F56220031A4001198B2 /* mp3recorder */ = {
			isa = PBXNativeTarget;
			buildConfigurationList = 3F8F1F60220031A4001198B2 /* Build configuration list for PBXNativeTarget "mp3recorder" */;
			buildPhases = (
				3F8F1F53220031A4001198B2 /* Sources */,
				3F8F1F54220031A4001198B2 /* Frameworks */,
				3F8F1F55220031A4001198B2 /* CopyFiles */,
			);
			buildRules = (
			);
			dependencies = (
			);
			name = mp3recorder;
			productName = mp3recorder;
			productReference = 3F8F1F57220031A4001198B2 /* libmp3recorder.a */;
			productType = "com.apple.product-type.library.static";
		};
/* End PBXNativeTarget section */

/* Begin PBXProject section */
		3F8F1F4F220031A4001198B2 /* Project object */ = {
			isa = PBXProject;
			attributes = {
				LastUpgradeCheck = 1010;
				ORGANIZATIONNAME = "黄信杰";
				TargetAttributes = {
					3F8F1F56220031A4001198B2 = {
						CreatedOnToolsVersion = 10.1;
					};
				};
			};
			buildConfigurationList = 3F8F1F52220031A4001198B2 /* Build configuration list for PBXProject "mp3recorder" */;
			compatibilityVersion = "Xcode 9.3";
			developmentRegion = en;
			hasScannedForEncodings = 0;
			knownRegions = (
				en,
			);
			mainGroup = 3F8F1F4E220031A4001198B2;
			productRefGroup = 3F8F1F58220031A4001198B2 /* Products */;
			projectDirPath = "";
			projectRoot = "";
			targets = (
				3F8F1F56220031A4001198B2 /* mp3recorder */,
			);
		};
/* End PBXProject section */

/* Begin PBXSourcesBuildPhase section */
		3F8F1F53220031A4001198B2 /* Sources */ = {
			isa = PBXSourcesBuildPhase;
			buildActionMask = 2147483647;
			files = (
				3F8F1F8A22004F37001198B2 /* ConvertAudioFile.m in Sources */,
				3F8F1F5C220031A4001198B2 /* mp3recorder.m in Sources */,
			);
			runOnlyForDeploymentPostprocessing = 0;
		};
/* End PBXSourcesBuildPhase section */

/* Begin XCBuildConfiguration section */
		3F8F1F5E220031A4001198B2 /* Debug */ = {
			isa = XCBuildConfiguration;
			buildSettings = {
				ALWAYS_SEARCH_USER_PATHS = NO;
				CLANG_ANALYZER_NONNULL = YES;
				CLANG_ANALYZER_NUMBER_OBJECT_CONVERSION = YES_AGGRESSIVE;
				CLANG_CXX_LANGUAGE_STANDARD = "gnu++14";
				CLANG_CXX_LIBRARY = "libc++";
				CLANG_ENABLE_MODULES = YES;
				CLANG_ENABLE_OBJC_ARC = YES;
				CLANG_ENABLE_OBJC_WEAK = YES;
				CLANG_WARN_BLOCK_CAPTURE_AUTORELEASING = YES;
				CLANG_WARN_BOOL_CONVERSION = YES;
				CLANG_WARN_COMMA = YES;
				CLANG_WARN_CONSTANT_CONVERSION = YES;
				CLANG_WARN_DEPRECATED_OBJC_IMPLEMENTATIONS = YES;
				CLANG_WARN_DIRECT_OBJC_ISA_USAGE = YES_ERROR;
				CLANG_WARN_DOCUMENTATION_COMMENTS = YES;
				CLANG_WARN_EMPTY_BODY = YES;
				CLANG_WARN_ENUM_CONVERSION = YES;
				CLANG_WARN_INFINITE_RECURSION = YES;
				CLANG_WARN_INT_CONVERSION = YES;
				CLANG_WARN_NON_LITERAL_NULL_CONVERSION = YES;
				CLANG_WARN_OBJC_IMPLICIT_RETAIN_SELF = YES;
				CLANG_WARN_OBJC_LITERAL_CONVERSION = YES;
				CLANG_WARN_OBJC_ROOT_CLASS = YES_ERROR;
				CLANG_WARN_RANGE_LOOP_ANALYSIS = YES;
				CLANG_WARN_STRICT_PROTOTYPES = YES;
				CLANG_WARN_SUSPICIOUS_MOVE = YES;
				CLANG_WARN_UNGUARDED_AVAILABILITY = YES_AGGRESSIVE;
				CLANG_WARN_UNREACHABLE_CODE = YES;
				CLANG_WARN__DUPLICATE_METHOD_MATCH = YES;
				CODE_SIGN_IDENTITY = "iPhone Developer";
				COPY_PHASE_STRIP = NO;
				DEBUG_INFORMATION_FORMAT = dwarf;
				ENABLE_STRICT_OBJC_MSGSEND = YES;
				ENABLE_TESTABILITY = YES;
				GCC_C_LANGUAGE_STANDARD = gnu11;
				GCC_DYNAMIC_NO_PIC = NO;
				GCC_NO_COMMON_BLOCKS = YES;
				GCC_OPTIMIZATION_LEVEL = 0;
				GCC_PREPROCESSOR_DEFINITIONS = (
					"DEBUG=1",
					"$(inherited)",
				);
				GCC_WARN_64_TO_32_BIT_CONVERSION = YES;
				GCC_WARN_ABOUT_RETURN_TYPE = YES_ERROR;
				GCC_WARN_UNDECLARED_SELECTOR = YES;
				GCC_WARN_UNINITIALIZED_AUTOS = YES_AGGRESSIVE;
				GCC_WARN_UNUSED_FUNCTION = YES;
				GCC_WARN_UNUSED_VARIABLE = YES;
				IPHONEOS_DEPLOYMENT_TARGET = 7.0;
				MTL_ENABLE_DEBUG_INFO = INCLUDE_SOURCE;
				MTL_FAST_MATH = YES;
				ONLY_ACTIVE_ARCH = NO;
				SDKROOT = iphoneos;
			};
			name = Debug;
		};
		3F8F1F5F220031A4001198B2 /* Release */ = {
			isa = XCBuildConfiguration;
			buildSettings = {
				ALWAYS_SEARCH_USER_PATHS = NO;
				CLANG_ANALYZER_NONNULL = YES;
				CLANG_ANALYZER_NUMBER_OBJECT_CONVERSION = YES_AGGRESSIVE;
				CLANG_CXX_LANGUAGE_STANDARD = "gnu++14";
				CLANG_CXX_LIBRARY = "libc++";
				CLANG_ENABLE_MODULES = YES;
				CLANG_ENABLE_OBJC_ARC = YES;
				CLANG_ENABLE_OBJC_WEAK = YES;
				CLANG_WARN_BLOCK_CAPTURE_AUTORELEASING = YES;
				CLANG_WARN_BOOL_CONVERSION = YES;
				CLANG_WARN_COMMA = YES;
				CLANG_WARN_CONSTANT_CONVERSION = YES;
				CLANG_WARN_DEPRECATED_OBJC_IMPLEMENTATIONS = YES;
				CLANG_WARN_DIRECT_OBJC_ISA_USAGE = YES_ERROR;
				CLANG_WARN_DOCUMENTATION_COMMENTS = YES;
				CLANG_WARN_EMPTY_BODY = YES;
				CLANG_WARN_ENUM_CONVERSION = YES;
				CLANG_WARN_INFINITE_RECURSION = YES;
				CLANG_WARN_INT_CONVERSION = YES;
				CLANG_WARN_NON_LITERAL_NULL_CONVERSION = YES;
				CLANG_WARN_OBJC_IMPLICIT_RETAIN_SELF = YES;
				CLANG_WARN_OBJC_LITERAL_CONVERSION = YES;
				CLANG_WARN_OBJC_ROOT_CLASS = YES_ERROR;
				CLANG_WARN_RANGE_LOOP_ANALYSIS = YES;
				CLANG_WARN_STRICT_PROTOTYPES = YES;
				CLANG_WARN_SUSPICIOUS_MOVE = YES;
				CLANG_WARN_UNGUARDED_AVAILABILITY = YES_AGGRESSIVE;
				CLANG_WARN_UNREACHABLE_CODE = YES;
				CLANG_WARN__DUPLICATE_METHOD_MATCH = YES;
				CODE_SIGN_IDENTITY = "iPhone Developer";
				COPY_PHASE_STRIP = NO;
				DEBUG_INFORMATION_FORMAT = "dwarf-with-dsym";
				ENABLE_NS_ASSERTIONS = NO;
				ENABLE_STRICT_OBJC_MSGSEND = YES;
				GCC_C_LANGUAGE_STANDARD = gnu11;
				GCC_NO_COMMON_BLOCKS = YES;
				GCC_WARN_64_TO_32_BIT_CONVERSION = YES;
				GCC_WARN_ABOUT_RETURN_TYPE = YES_ERROR;
				GCC_WARN_UNDECLARED_SELECTOR = YES;
				GCC_WARN_UNINITIALIZED_AUTOS = YES_AGGRESSIVE;
				GCC_WARN_UNUSED_FUNCTION = YES;
				GCC_WARN_UNUSED_VARIABLE = YES;
				IPHONEOS_DEPLOYMENT_TARGET = 7.0;
				MTL_ENABLE_DEBUG_INFO = NO;
				MTL_FAST_MATH = YES;
				ONLY_ACTIVE_ARCH = NO;
				SDKROOT = iphoneos;
				VALIDATE_PRODUCT = YES;
			};
			name = Release;
		};
		3F8F1F61220031A4001198B2 /* Debug */ = {
			isa = XCBuildConfiguration;
			buildSettings = {
				CODE_SIGN_STYLE = Automatic;
				DEVELOPMENT_TEAM = WNVF46H8Z7;
				OTHER_LDFLAGS = "-ObjC";
				PRODUCT_NAME = "$(TARGET_NAME)";
				SKIP_INSTALL = YES;
				TARGETED_DEVICE_FAMILY = "1,2";
			};
			name = Debug;
		};
		3F8F1F62220031A4001198B2 /* Release */ = {
			isa = XCBuildConfiguration;
			buildSettings = {
				CODE_SIGN_STYLE = Automatic;
				DEVELOPMENT_TEAM = WNVF46H8Z7;
				OTHER_LDFLAGS = "-ObjC";
				PRODUCT_NAME = "$(TARGET_NAME)";
				SKIP_INSTALL = YES;
				TARGETED_DEVICE_FAMILY = "1,2";
			};
			name = Release;
		};
/* End XCBuildConfiguration section */

/* Begin XCConfigurationList section */
		3F8F1F52220031A4001198B2 /* Build configuration list for PBXProject "mp3recorder" */ = {
			isa = XCConfigurationList;
			buildConfigurations = (
				3F8F1F5E220031A4001198B2 /* Debug */,
				3F8F1F5F220031A4001198B2 /* Release */,
			);
			defaultConfigurationIsVisible = 0;
			defaultConfigurationName = Release;
		};
		3F8F1F60220031A4001198B2 /* Build configuration list for PBXNativeTarget "mp3recorder" */ = {
			isa = XCConfigurationList;
			buildConfigurations = (
				3F8F1F61220031A4001198B2 /* Debug */,
				3F8F1F62220031A4001198B2 /* Release */,
			);
			defaultConfigurationIsVisible = 0;
			defaultConfigurationName = Release;
		};
/* End XCConfigurationList section */
	};
	rootObject = 3F8F1F4F220031A4001198B2 /* Project object */;
}
